PODS:
  - Bolts/Tasks (1.2.2)
  - CocoaLumberjack (2.0.1):
    - CocoaLumberjack/Default (= 2.0.1)
    - CocoaLumberjack/Extensions (= 2.0.1)
  - CocoaLumberjack/Core (2.0.1)
  - CocoaLumberjack/Default (2.0.1):
    - CocoaLumberjack/Core
  - CocoaLumberjack/Extensions (2.0.1):
    - CocoaLumberjack/Default
  - Kiwi (2.4.0)
  - Parse (1.8.4):
    - Bolts/Tasks (>= 1.2.2)
  - Typhoon (3.3.2):
    - Typhoon/no-arc (= 3.3.2)
  - Typhoon/no-arc (3.3.2)

DEPENDENCIES:
  - CocoaLumberjack
  - Kiwi
  - Parse
  - Typhoon

SPEC CHECKSUMS:
  Bolts: 20a2bd788273360cb1e31530dc19b8544eef2544
  CocoaLumberjack: 019d1361244274a6138c788c6cb80baabc13fb8f
  Kiwi: f49c9d54b28917df5928fe44968a39ed198cb8a8
  Parse: c09d6efe4b2eea752765bc6f365a55516d909079
  Typhoon: d0f4b40120b7011ac41748c3ca141cb12aac3737

COCOAPODS: 0.38.2
