PODS:
  - Bolts/Tasks (1.1.5)
  - CocoaLumberjack (2.0.0):
    - CocoaLumberjack/Default (= 2.0.0)
    - CocoaLumberjack/Extensions (= 2.0.0)
  - CocoaLumberjack/Core (2.0.0)
  - CocoaLumberjack/Default (2.0.0):
    - CocoaLumberjack/Core
  - CocoaLumberjack/Extensions (2.0.0):
    - CocoaLumberjack/Default
  - Kiwi (2.3.1)
  - Parse (1.7.2.2):
    - Bolts/Tasks (>= 1.1.5)
  - Typhoon (3.1.7):
    - Typhoon/no-arc (= 3.1.7)
  - Typhoon/no-arc (3.1.7)
  - ZLIUtils (0.0.1):
    - CocoaLumberjack
    - Typhoon

DEPENDENCIES:
  - Kiwi
  - Parse
  - Typhoon
  - ZLIUtils (from `../ios_utils`)

EXTERNAL SOURCES:
  ZLIUtils:
    :path: ../ios_utils

CHECKOUT OPTIONS:
  ZLIUtils:
    :commit: 2f45764f44dd2cba133f269a64a6c0f2da636ca0
    :git: https://github.com/zhoulijoe/ios_utils.git

SPEC CHECKSUMS:
  Bolts: aac24961496d504aa56fc267cde95162a71bac39
  CocoaLumberjack: a6f77d987d65dc7ba86b0f84db7d0b9084f77bcb
  Kiwi: f038a6c61f7a9e4d7766bff5717aa3b3fdb75f55
  Parse: 6187586a80eb7b4960d755f85e1353148a611f87
  Typhoon: 8f062d3c25f5a4b0c120340441ed9c63e551627a
  ZLIUtils: 723f8f74389bb20d073c0c430e438125fc422381

COCOAPODS: 0.35.0
