PODS:
  - CocoaLumberjack (1.9.2):
    - CocoaLumberjack/Extensions
  - CocoaLumberjack/Core (1.9.2)
  - CocoaLumberjack/Extensions (1.9.2):
    - CocoaLumberjack/Core
  - Kiwi (2.3.0)
  - Typhoon (2.2.1):
    - Typhoon/no-arc
  - Typhoon/no-arc (2.2.1)
  - ZLIUtils (0.0.1):
    - CocoaLumberjack (= 1.9.2)

DEPENDENCIES:
  - Kiwi
  - Typhoon
  - ZLIUtils (from `../ios_utils`)

EXTERNAL SOURCES:
  ZLIUtils:
    :path: ../ios_utils

SPEC CHECKSUMS:
  CocoaLumberjack: 205769c032b5fef85b92472046bcc8b7e7c8a817
  Kiwi: 54bece5b35564d9b8e03c608d926f1a22fcfc589
  Typhoon: 9b807bc020c4945824ee19130bb11fb3ef5eaea8
  ZLIUtils: 9a08b6aeba9ce2b398f21ccc1b2a1b12a5f1026c

COCOAPODS: 0.33.1
